
Microsoft Visual Studio Solution File, Format Version 12.00
# Visual Studio Version 17
VisualStudioVersion = 17.10.35122.118
MinimumVisualStudioVersion = 10.0.40219.1
Project("{9A19103F-16F7-4668-BE54-9A1E7A4F7556}") = "SwarmFit", "SwarmFit\SwarmFit.csproj", "{3B3A28AA-135A-493E-99D9-CC5625D24346}"
EndProject
Project("{9A19103F-16F7-4668-BE54-9A1E7A4F7556}") = "SwarmFit.Demo", "SwarmFit.Demo\SwarmFit.Demo.csproj", "{C663E7B3-03C5-43B9-B92F-4FA9970B2DA8}"
EndProject
Project("{9A19103F-16F7-4668-BE54-9A1E7A4F7556}") = "SwarmFit.Tests", "SwarmFit.Tests\SwarmFit.Tests.csproj", "{5B93F4D3-B9F2-495A-830E-63CB96A3A699}"
EndProject
Project("{FAE04EC0-301F-11D3-BF4B-00C04F79EFBC}") = "SwarmFit.Benchmarks", "SwarmFit.Benchmarks\SwarmFit.Benchmarks.csproj", "{0F1DA296-6DFC-4C07-9172-2EAB50CA6A45}"
EndProject
Global
	GlobalSection(SolutionConfigurationPlatforms) = preSolution
		Debug|Any CPU = Debug|Any CPU
		Release|Any CPU = Release|Any CPU
	EndGlobalSection
	GlobalSection(ProjectConfigurationPlatforms) = postSolution
		{3B3A28AA-135A-493E-99D9-CC5625D24346}.Debug|Any CPU.ActiveCfg = Debug|Any CPU
		{3B3A28AA-135A-493E-99D9-CC5625D24346}.Debug|Any CPU.Build.0 = Debug|Any CPU
		{3B3A28AA-135A-493E-99D9-CC5625D24346}.Release|Any CPU.ActiveCfg = Release|Any CPU
		{3B3A28AA-135A-493E-99D9-CC5625D24346}.Release|Any CPU.Build.0 = Release|Any CPU
		{C663E7B3-03C5-43B9-B92F-4FA9970B2DA8}.Debug|Any CPU.ActiveCfg = Debug|Any CPU
		{C663E7B3-03C5-43B9-B92F-4FA9970B2DA8}.Debug|Any CPU.Build.0 = Debug|Any CPU
		{C663E7B3-03C5-43B9-B92F-4FA9970B2DA8}.Release|Any CPU.ActiveCfg = Release|Any CPU
		{C663E7B3-03C5-43B9-B92F-4FA9970B2DA8}.Release|Any CPU.Build.0 = Release|Any CPU
		{5B93F4D3-B9F2-495A-830E-63CB96A3A699}.Debug|Any CPU.ActiveCfg = Debug|Any CPU
		{5B93F4D3-B9F2-495A-830E-63CB96A3A699}.Debug|Any CPU.Build.0 = Debug|Any CPU
		{5B93F4D3-B9F2-495A-830E-63CB96A3A699}.Release|Any CPU.ActiveCfg = Release|Any CPU
		{5B93F4D3-B9F2-495A-830E-63CB96A3A699}.Release|Any CPU.Build.0 = Release|Any CPU
		{0F1DA296-6DFC-4C07-9172-2EAB50CA6A45}.Debug|Any CPU.ActiveCfg = Debug|Any CPU
		{0F1DA296-6DFC-4C07-9172-2EAB50CA6A45}.Debug|Any CPU.Build.0 = Debug|Any CPU
		{0F1DA296-6DFC-4C07-9172-2EAB50CA6A45}.Release|Any CPU.ActiveCfg = Release|Any CPU
		{0F1DA296-6DFC-4C07-9172-2EAB50CA6A45}.Release|Any CPU.Build.0 = Release|Any CPU
	EndGlobalSection
	GlobalSection(SolutionProperties) = preSolution
		HideSolutionNode = FALSE
	EndGlobalSection
	GlobalSection(ExtensibilityGlobals) = postSolution
		SolutionGuid = {E45BA962-1CFA-4982-9EF1-FAB43E624A03}
	EndGlobalSection
EndGlobal
